// !$*UTF8*$!
{
	archiveVersion = 1;
	classes = {
	};
	objectVersion = 50;
	objects = {

/* Begin PBXFileReference section */
		82052CF62385696E00FDF45A /* joc-cat.pdf */ = {isa = PBXFileReference; lastKnownFileType = image.pdf; name = "joc-cat.pdf"; path = "game19/joc-cat.pdf"; sourceTree = SOURCE_ROOT; };
		8231D8B623855B7300E44F19 /* Structs.hh */ = {isa = PBXFileReference; fileEncoding = 4; lastKnownFileType = sourcecode.cpp.h; path = Structs.hh; sourceTree = "<group>"; };
		8231D8B723855B7300E44F19 /* AIDummy.o.Linux64 */ = {isa = PBXFileReference; lastKnownFileType = file; path = AIDummy.o.Linux64; sourceTree = "<group>"; };
		8231D8B823855B7300E44F19 /* Registry.cc */ = {isa = PBXFileReference; fileEncoding = 4; lastKnownFileType = sourcecode.cpp.cpp; path = Registry.cc; sourceTree = "<group>"; };
		8231D8B923855B7300E44F19 /* AIDummy.o.MacOS */ = {isa = PBXFileReference; lastKnownFileType = "compiled.mach-o.objfile"; path = AIDummy.o.MacOS; sourceTree = "<group>"; };
		8231D8BA23855B7300E44F19 /* AIDummy.o.Linux32 */ = {isa = PBXFileReference; lastKnownFileType = file; path = AIDummy.o.Linux32; sourceTree = "<group>"; };
		8231D8BB23855B7300E44F19 /* Registry.hh */ = {isa = PBXFileReference; fileEncoding = 4; lastKnownFileType = sourcecode.cpp.h; path = Registry.hh; sourceTree = "<group>"; };
		8231D8BC23855B7300E44F19 /* Settings.cc */ = {isa = PBXFileReference; fileEncoding = 4; lastKnownFileType = sourcecode.cpp.cpp; path = Settings.cc; sourceTree = "<group>"; };
		8231D8BE23855B7300E44F19 /* help.html */ = {isa = PBXFileReference; fileEncoding = 4; lastKnownFileType = text.html; path = help.html; sourceTree = "<group>"; };
		8231D8C123855B7300E44F19 /* jquery-ui-1.8.18.custom.css */ = {isa = PBXFileReference; fileEncoding = 4; lastKnownFileType = text.css; path = "jquery-ui-1.8.18.custom.css"; sourceTree = "<group>"; };
		8231D8C323855B7300E44F19 /* ui-icons_ef8c08_256x240.png */ = {isa = PBXFileReference; lastKnownFileType = image.png; path = "ui-icons_ef8c08_256x240.png"; sourceTree = "<group>"; };
		8231D8C423855B7300E44F19 /* ui-bg_diagonals-thick_18_b81900_40x40.png */ = {isa = PBXFileReference; lastKnownFileType = image.png; path = "ui-bg_diagonals-thick_18_b81900_40x40.png"; sourceTree = "<group>"; };
		8231D8C523855B7300E44F19 /* ui-bg_glass_100_f6f6f6_1x400.png */ = {isa = PBXFileReference; lastKnownFileType = image.png; path = "ui-bg_glass_100_f6f6f6_1x400.png"; sourceTree = "<group>"; };
		8231D8C623855B7300E44F19 /* ui-bg_gloss-wave_35_f6a828_500x100.png */ = {isa = PBXFileReference; lastKnownFileType = image.png; path = "ui-bg_gloss-wave_35_f6a828_500x100.png"; sourceTree = "<group>"; };
		8231D8C723855B7300E44F19 /* ui-bg_highlight-soft_100_eeeeee_1x100.png */ = {isa = PBXFileReference; lastKnownFileType = image.png; path = "ui-bg_highlight-soft_100_eeeeee_1x100.png"; sourceTree = "<group>"; };
		8231D8C823855B7300E44F19 /* ui-bg_highlight-soft_75_ffe45c_1x100.png */ = {isa = PBXFileReference; lastKnownFileType = image.png; path = "ui-bg_highlight-soft_75_ffe45c_1x100.png"; sourceTree = "<group>"; };
		8231D8C923855B7300E44F19 /* ui-bg_glass_65_ffffff_1x400.png */ = {isa = PBXFileReference; lastKnownFileType = image.png; path = "ui-bg_glass_65_ffffff_1x400.png"; sourceTree = "<group>"; };
		8231D8CA23855B7300E44F19 /* ui-icons_228ef1_256x240.png */ = {isa = PBXFileReference; lastKnownFileType = image.png; path = "ui-icons_228ef1_256x240.png"; sourceTree = "<group>"; };
		8231D8CB23855B7300E44F19 /* ui-bg_diagonals-thick_20_666666_40x40.png */ = {isa = PBXFileReference; lastKnownFileType = image.png; path = "ui-bg_diagonals-thick_20_666666_40x40.png"; sourceTree = "<group>"; };
		8231D8CC23855B7300E44F19 /* ui-bg_glass_100_fdf5ce_1x400.png */ = {isa = PBXFileReference; lastKnownFileType = image.png; path = "ui-bg_glass_100_fdf5ce_1x400.png"; sourceTree = "<group>"; };
		8231D8CD23855B7300E44F19 /* ui-icons_ffffff_256x240.png */ = {isa = PBXFileReference; lastKnownFileType = image.png; path = "ui-icons_ffffff_256x240.png"; sourceTree = "<group>"; };
		8231D8CE23855B7300E44F19 /* ui-icons_222222_256x240.png */ = {isa = PBXFileReference; lastKnownFileType = image.png; path = "ui-icons_222222_256x240.png"; sourceTree = "<group>"; };
		8231D8CF23855B7300E44F19 /* ui-icons_ffd27a_256x240.png */ = {isa = PBXFileReference; lastKnownFileType = image.png; path = "ui-icons_ffd27a_256x240.png"; sourceTree = "<group>"; };
		8231D8D023855B7300E44F19 /* ui-bg_flat_10_000000_40x100.png */ = {isa = PBXFileReference; lastKnownFileType = image.png; path = "ui-bg_flat_10_000000_40x100.png"; sourceTree = "<group>"; };
		8231D8D223855B7300E44F19 /* jquery-1.7.1.min.js */ = {isa = PBXFileReference; fileEncoding = 4; lastKnownFileType = sourcecode.javascript; path = "jquery-1.7.1.min.js"; sourceTree = "<group>"; };
		8231D8D323855B7300E44F19 /* jquery-ui-1.8.18.custom.min.js */ = {isa = PBXFileReference; fileEncoding = 4; lastKnownFileType = sourcecode.javascript; path = "jquery-ui-1.8.18.custom.min.js"; sourceTree = "<group>"; };
		8231D8D423855B7300E44F19 /* viewer.js */ = {isa = PBXFileReference; fileEncoding = 4; lastKnownFileType = sourcecode.javascript; path = viewer.js; sourceTree = "<group>"; };
		8231D8D623855B7300E44F19 /* but_refresh.png */ = {isa = PBXFileReference; lastKnownFileType = image.png; path = but_refresh.png; sourceTree = "<group>"; };
		8231D8D723855B7300E44F19 /* cpu.png */ = {isa = PBXFileReference; lastKnownFileType = image.png; path = cpu.png; sourceTree = "<group>"; };
		8231D8D823855B7300E44F19 /* but_play.png */ = {isa = PBXFileReference; lastKnownFileType = image.png; path = but_play.png; sourceTree = "<group>"; };
		8231D8D923855B7300E44F19 /* but_reverse.svg */ = {isa = PBXFileReference; fileEncoding = 4; lastKnownFileType = text.xml; path = but_reverse.svg; sourceTree = "<group>"; };
		8231D8DA23855B7300E44F19 /* but_reverse.png */ = {isa = PBXFileReference; lastKnownFileType = image.png; path = but_reverse.png; sourceTree = "<group>"; };
		8231D8DB23855B7300E44F19 /* but_play.svg */ = {isa = PBXFileReference; fileEncoding = 4; lastKnownFileType = text.xml; path = but_play.svg; sourceTree = "<group>"; };
		8231D8DC23855B7300E44F19 /* but_refresh.svg */ = {isa = PBXFileReference; fileEncoding = 4; lastKnownFileType = text.xml; path = but_refresh.svg; sourceTree = "<group>"; };
		8231D8DD23855B7300E44F19 /* but_end.svg */ = {isa = PBXFileReference; fileEncoding = 4; lastKnownFileType = text.xml; path = but_end.svg; sourceTree = "<group>"; };
		8231D8DE23855B7300E44F19 /* but_stop.svg */ = {isa = PBXFileReference; fileEncoding = 4; lastKnownFileType = text.xml; path = but_stop.svg; sourceTree = "<group>"; };
		8231D8DF23855B7300E44F19 /* logo.png */ = {isa = PBXFileReference; lastKnownFileType = image.png; path = logo.png; sourceTree = "<group>"; };
		8231D8E023855B7300E44F19 /* but_pause.png */ = {isa = PBXFileReference; lastKnownFileType = image.png; path = but_pause.png; sourceTree = "<group>"; };
		8231D8E123855B7300E44F19 /* but_start.svg */ = {isa = PBXFileReference; fileEncoding = 4; lastKnownFileType = text.xml; path = but_start.svg; sourceTree = "<group>"; };
		8231D8E223855B7300E44F19 /* but_close.svg */ = {isa = PBXFileReference; fileEncoding = 4; lastKnownFileType = text.xml; path = but_close.svg; sourceTree = "<group>"; };
		8231D8E323855B7300E44F19 /* but_close.png */ = {isa = PBXFileReference; lastKnownFileType = image.png; path = but_close.png; sourceTree = "<group>"; };
		8231D8E423855B7300E44F19 /* but_start.png */ = {isa = PBXFileReference; lastKnownFileType = image.png; path = but_start.png; sourceTree = "<group>"; };
		8231D8E523855B7300E44F19 /* but_pause.svg */ = {isa = PBXFileReference; fileEncoding = 4; lastKnownFileType = text.xml; path = but_pause.svg; sourceTree = "<group>"; };
		8231D8E623855B7300E44F19 /* but_stop.png */ = {isa = PBXFileReference; lastKnownFileType = image.png; path = but_stop.png; sourceTree = "<group>"; };
		8231D8E723855B7300E44F19 /* but_end.png */ = {isa = PBXFileReference; lastKnownFileType = image.png; path = but_end.png; sourceTree = "<group>"; };
		8231D8E823855B7300E44F19 /* viewer.html */ = {isa = PBXFileReference; fileEncoding = 4; lastKnownFileType = text.html; path = viewer.html; sourceTree = "<group>"; };
		8231D8E923855B7300E44F19 /* viewer.sh */ = {isa = PBXFileReference; fileEncoding = 4; lastKnownFileType = text.script.sh; path = viewer.sh; sourceTree = "<group>"; };
		8231D8EA23855B7300E44F19 /* sample.out */ = {isa = PBXFileReference; fileEncoding = 4; lastKnownFileType = text; path = sample.out; sourceTree = "<group>"; };
		8231D8EB23855B7300E44F19 /* Game.cc */ = {isa = PBXFileReference; fileEncoding = 4; lastKnownFileType = sourcecode.cpp.cpp; path = Game.cc; sourceTree = "<group>"; };
		8231D8EC23855B7300E44F19 /* api.pdf */ = {isa = PBXFileReference; lastKnownFileType = image.pdf; path = api.pdf; sourceTree = "<group>"; };
		8231D8ED23855B7300E44F19 /* Board.o.Win64 */ = {isa = PBXFileReference; lastKnownFileType = file; path = Board.o.Win64; sourceTree = "<group>"; };
		8231D8EE23855B7300E44F19 /* Board.hh */ = {isa = PBXFileReference; fileEncoding = 4; lastKnownFileType = sourcecode.cpp.h; path = Board.hh; sourceTree = "<group>"; };
		8231D8EF23855B7300E44F19 /* Board.o.Linux64 */ = {isa = PBXFileReference; lastKnownFileType = file; path = Board.o.Linux64; sourceTree = "<group>"; };
		8231D8F023855B7300E44F19 /* AIDummy.o.Win64 */ = {isa = PBXFileReference; lastKnownFileType = file; path = AIDummy.o.Win64; sourceTree = "<group>"; };
		8231D8F123855B7300E44F19 /* Random.hh */ = {isa = PBXFileReference; fileEncoding = 4; lastKnownFileType = sourcecode.cpp.h; path = Random.hh; sourceTree = "<group>"; };
		8231D8F223855B7300E44F19 /* Action.cc */ = {isa = PBXFileReference; fileEncoding = 4; lastKnownFileType = sourcecode.cpp.cpp; path = Action.cc; sourceTree = "<group>"; };
		8231D8F323855B7300E44F19 /* Info.hh */ = {isa = PBXFileReference; fileEncoding = 4; lastKnownFileType = sourcecode.cpp.h; path = Info.hh; sourceTree = "<group>"; };
		8231D8F523855B7300E44F19 /* Info.cc */ = {isa = PBXFileReference; fileEncoding = 4; lastKnownFileType = sourcecode.cpp.cpp; path = Info.cc; sourceTree = "<group>"; };
		8231D8F623855B7300E44F19 /* Settings.hh */ = {isa = PBXFileReference; fileEncoding = 4; lastKnownFileType = sourcecode.cpp.h; path = Settings.hh; sourceTree = "<group>"; };
		8231D8F723855B7300E44F19 /* Utils.cc */ = {isa = PBXFileReference; fileEncoding = 4; lastKnownFileType = sourcecode.cpp.cpp; path = Utils.cc; sourceTree = "<group>"; };
		8231D8F823855B7300E44F19 /* AIDemo.cc */ = {isa = PBXFileReference; fileEncoding = 4; lastKnownFileType = sourcecode.cpp.cpp; path = AIDemo.cc; sourceTree = "<group>"; };
		8231D8F923855B7300E44F19 /* Board.o.Linux32 */ = {isa = PBXFileReference; lastKnownFileType = file; path = Board.o.Linux32; sourceTree = "<group>"; };
		8231D8FA23855B7300E44F19 /* Player.hh */ = {isa = PBXFileReference; fileEncoding = 4; lastKnownFileType = sourcecode.cpp.h; path = Player.hh; sourceTree = "<group>"; };
		8231D8FB23855B7300E44F19 /* Makefile */ = {isa = PBXFileReference; fileEncoding = 4; lastKnownFileType = sourcecode.make; path = Makefile; sourceTree = "<group>"; };
		8231D8FC23855B7400E44F19 /* AIDummy.o.Win32 */ = {isa = PBXFileReference; lastKnownFileType = file; path = AIDummy.o.Win32; sourceTree = "<group>"; };
		8231D8FD23855B7400E44F19 /* Random.cc */ = {isa = PBXFileReference; fileEncoding = 4; lastKnownFileType = sourcecode.cpp.cpp; path = Random.cc; sourceTree = "<group>"; };
		8231D8FE23855B7400E44F19 /* Game.hh */ = {isa = PBXFileReference; fileEncoding = 4; lastKnownFileType = sourcecode.cpp.h; path = Game.hh; sourceTree = "<group>"; };
		8231D8FF23855B7400E44F19 /* Structs.cc */ = {isa = PBXFileReference; fileEncoding = 4; lastKnownFileType = sourcecode.cpp.cpp; path = Structs.cc; sourceTree = "<group>"; };
		8231D90023855B7400E44F19 /* Utils.hh */ = {isa = PBXFileReference; fileEncoding = 4; lastKnownFileType = sourcecode.cpp.h; path = Utils.hh; sourceTree = "<group>"; };
		8231D90123855B7400E44F19 /* Main.cc */ = {isa = PBXFileReference; fileEncoding = 4; lastKnownFileType = sourcecode.cpp.cpp; path = Main.cc; sourceTree = "<group>"; };
		8231D90223855B7400E44F19 /* AINull.cc */ = {isa = PBXFileReference; fileEncoding = 4; lastKnownFileType = sourcecode.cpp.cpp; path = AINull.cc; sourceTree = "<group>"; };
		8231D90323855B7400E44F19 /* Player.cc */ = {isa = PBXFileReference; fileEncoding = 4; lastKnownFileType = sourcecode.cpp.cpp; path = Player.cc; sourceTree = "<group>"; };
		8231D90423855B7400E44F19 /* Board.o */ = {isa = PBXFileReference; lastKnownFileType = "compiled.mach-o.objfile"; path = Board.o; sourceTree = "<group>"; };
		8231D90523855B7400E44F19 /* State.cc */ = {isa = PBXFileReference; fileEncoding = 4; lastKnownFileType = sourcecode.cpp.cpp; path = State.cc; sourceTree = "<group>"; };
		8231D90623855B7400E44F19 /* Board.o.MacOS */ = {isa = PBXFileReference; lastKnownFileType = "compiled.mach-o.objfile"; path = Board.o.MacOS; sourceTree = "<group>"; };
		8231D90723855B7400E44F19 /* default.cnf */ = {isa = PBXFileReference; fileEncoding = 4; lastKnownFileType = text; path = default.cnf; sourceTree = "<group>"; };
		8231D90823855B7400E44F19 /* Action.hh */ = {isa = PBXFileReference; fileEncoding = 4; lastKnownFileType = sourcecode.cpp.h; path = Action.hh; sourceTree = "<group>"; };
		8231D90923855B7400E44F19 /* Board.o.Win32 */ = {isa = PBXFileReference; lastKnownFileType = file; path = Board.o.Win32; sourceTree = "<group>"; };
		8231D90A23855B7400E44F19 /* State.hh */ = {isa = PBXFileReference; fileEncoding = 4; lastKnownFileType = sourcecode.cpp.h; path = State.hh; sourceTree = "<group>"; };
		8231D91D23855C9800E44F19 /* AIJarvis.cc */ = {isa = PBXFileReference; lastKnownFileType = sourcecode.cpp.cpp; path = AIJarvis.cc; sourceTree = "<group>"; usesTabs = 1; };
		8231D91F23855CD900E44F19 /* P44849_en.pdf */ = {isa = PBXFileReference; lastKnownFileType = image.pdf; path = P44849_en.pdf; sourceTree = "<group>"; };
		8271430323895B27005F429F /* AIJarvisv2.cc */ = {isa = PBXFileReference; lastKnownFileType = sourcecode.cpp.cpp; path = AIJarvisv2.cc; sourceTree = "<group>"; };
		82B243C123886E2B001413CF /* main_ca.pdf */ = {isa = PBXFileReference; lastKnownFileType = image.pdf; name = main_ca.pdf; path = game19/main_ca.pdf; sourceTree = SOURCE_ROOT; };
/* End PBXFileReference section */

/* Begin PBXGroup section */
		8231D83E23855B2A00E44F19 = {
			isa = PBXGroup;
			children = (
				8231D84923855B2A00E44F19 /* game19 */,
				8231D84823855B2A00E44F19 /* Products */,
			);
			sourceTree = "<group>";
		};
		8231D84823855B2A00E44F19 /* Products */ = {
			isa = PBXGroup;
			children = (
			);
			name = Products;
			sourceTree = "<group>";
		};
		8231D84923855B2A00E44F19 /* game19 */ = {
			isa = PBXGroup;
			children = (
				8271430323895B27005F429F /* AIJarvisv2.cc */,
				8231D91D23855C9800E44F19 /* AIJarvis.cc */,
				8231D8EC23855B7300E44F19 /* api.pdf */,
				82052CF62385696E00FDF45A /* joc-cat.pdf */,
				82B243C123886E2B001413CF /* main_ca.pdf */,
				8231D91F23855CD900E44F19 /* P44849_en.pdf */,
				8271430423895B2F005F429F /* Others */,
				8231D8BD23855B7300E44F19 /* Viewer */,
			);
			path = game19;
			sourceTree = "<group>";
		};
		8231D8BD23855B7300E44F19 /* Viewer */ = {
			isa = PBXGroup;
			children = (
				8231D8BE23855B7300E44F19 /* help.html */,
				8231D8BF23855B7300E44F19 /* css */,
				8231D8D123855B7300E44F19 /* js */,
				8231D8D423855B7300E44F19 /* viewer.js */,
				8231D8D523855B7300E44F19 /* img */,
				8231D8E823855B7300E44F19 /* viewer.html */,
				8231D8E923855B7300E44F19 /* viewer.sh */,
				8231D8EA23855B7300E44F19 /* sample.out */,
			);
			path = Viewer;
			sourceTree = "<group>";
		};
		8231D8BF23855B7300E44F19 /* css */ = {
			isa = PBXGroup;
			children = (
				8231D8C023855B7300E44F19 /* ui-lightness */,
			);
			path = css;
			sourceTree = "<group>";
		};
		8231D8C023855B7300E44F19 /* ui-lightness */ = {
			isa = PBXGroup;
			children = (
				8231D8C123855B7300E44F19 /* jquery-ui-1.8.18.custom.css */,
				8231D8C223855B7300E44F19 /* images */,
			);
			path = "ui-lightness";
			sourceTree = "<group>";
		};
		8231D8C223855B7300E44F19 /* images */ = {
			isa = PBXGroup;
			children = (
				8231D8C323855B7300E44F19 /* ui-icons_ef8c08_256x240.png */,
				8231D8C423855B7300E44F19 /* ui-bg_diagonals-thick_18_b81900_40x40.png */,
				8231D8C523855B7300E44F19 /* ui-bg_glass_100_f6f6f6_1x400.png */,
				8231D8C623855B7300E44F19 /* ui-bg_gloss-wave_35_f6a828_500x100.png */,
				8231D8C723855B7300E44F19 /* ui-bg_highlight-soft_100_eeeeee_1x100.png */,
				8231D8C823855B7300E44F19 /* ui-bg_highlight-soft_75_ffe45c_1x100.png */,
				8231D8C923855B7300E44F19 /* ui-bg_glass_65_ffffff_1x400.png */,
				8231D8CA23855B7300E44F19 /* ui-icons_228ef1_256x240.png */,
				8231D8CB23855B7300E44F19 /* ui-bg_diagonals-thick_20_666666_40x40.png */,
				8231D8CC23855B7300E44F19 /* ui-bg_glass_100_fdf5ce_1x400.png */,
				8231D8CD23855B7300E44F19 /* ui-icons_ffffff_256x240.png */,
				8231D8CE23855B7300E44F19 /* ui-icons_222222_256x240.png */,
				8231D8CF23855B7300E44F19 /* ui-icons_ffd27a_256x240.png */,
				8231D8D023855B7300E44F19 /* ui-bg_flat_10_000000_40x100.png */,
			);
			path = images;
			sourceTree = "<group>";
		};
		8231D8D123855B7300E44F19 /* js */ = {
			isa = PBXGroup;
			children = (
				8231D8D223855B7300E44F19 /* jquery-1.7.1.min.js */,
				8231D8D323855B7300E44F19 /* jquery-ui-1.8.18.custom.min.js */,
			);
			path = js;
			sourceTree = "<group>";
		};
		8231D8D523855B7300E44F19 /* img */ = {
			isa = PBXGroup;
			children = (
				8231D8D623855B7300E44F19 /* but_refresh.png */,
				8231D8D723855B7300E44F19 /* cpu.png */,
				8231D8D823855B7300E44F19 /* but_play.png */,
				8231D8D923855B7300E44F19 /* but_reverse.svg */,
				8231D8DA23855B7300E44F19 /* but_reverse.png */,
				8231D8DB23855B7300E44F19 /* but_play.svg */,
				8231D8DC23855B7300E44F19 /* but_refresh.svg */,
				8231D8DD23855B7300E44F19 /* but_end.svg */,
				8231D8DE23855B7300E44F19 /* but_stop.svg */,
				8231D8DF23855B7300E44F19 /* logo.png */,
				8231D8E023855B7300E44F19 /* but_pause.png */,
				8231D8E123855B7300E44F19 /* but_start.svg */,
				8231D8E223855B7300E44F19 /* but_close.svg */,
				8231D8E323855B7300E44F19 /* but_close.png */,
				8231D8E423855B7300E44F19 /* but_start.png */,
				8231D8E523855B7300E44F19 /* but_pause.svg */,
				8231D8E623855B7300E44F19 /* but_stop.png */,
				8231D8E723855B7300E44F19 /* but_end.png */,
			);
			path = img;
			sourceTree = "<group>";
		};
		8271430423895B2F005F429F /* Others */ = {
			isa = PBXGroup;
			children = (
				8231D8F223855B7300E44F19 /* Action.cc */,
				8231D90823855B7400E44F19 /* Action.hh */,
				8231D8F823855B7300E44F19 /* AIDemo.cc */,
				8231D8BA23855B7300E44F19 /* AIDummy.o.Linux32 */,
				8231D8B723855B7300E44F19 /* AIDummy.o.Linux64 */,
				8231D8B923855B7300E44F19 /* AIDummy.o.MacOS */,
				8231D8FC23855B7400E44F19 /* AIDummy.o.Win32 */,
				8231D8F023855B7300E44F19 /* AIDummy.o.Win64 */,
				8231D90223855B7400E44F19 /* AINull.cc */,
				8231D8EE23855B7300E44F19 /* Board.hh */,
				8231D90423855B7400E44F19 /* Board.o */,
				8231D8F923855B7300E44F19 /* Board.o.Linux32 */,
				8231D8EF23855B7300E44F19 /* Board.o.Linux64 */,
				8231D90623855B7400E44F19 /* Board.o.MacOS */,
				8231D90923855B7400E44F19 /* Board.o.Win32 */,
				8231D8ED23855B7300E44F19 /* Board.o.Win64 */,
				8231D90723855B7400E44F19 /* default.cnf */,
				8231D8EB23855B7300E44F19 /* Game.cc */,
				8231D8FE23855B7400E44F19 /* Game.hh */,
				8231D8F523855B7300E44F19 /* Info.cc */,
				8231D8F323855B7300E44F19 /* Info.hh */,
				8231D90123855B7400E44F19 /* Main.cc */,
				8231D8FB23855B7300E44F19 /* Makefile */,
				8231D90323855B7400E44F19 /* Player.cc */,
				8231D8FA23855B7300E44F19 /* Player.hh */,
				8231D8FD23855B7400E44F19 /* Random.cc */,
				8231D8F123855B7300E44F19 /* Random.hh */,
				8231D8B823855B7300E44F19 /* Registry.cc */,
				8231D8BB23855B7300E44F19 /* Registry.hh */,
				8231D8BC23855B7300E44F19 /* Settings.cc */,
				8231D8F623855B7300E44F19 /* Settings.hh */,
				8231D90523855B7400E44F19 /* State.cc */,
				8231D90A23855B7400E44F19 /* State.hh */,
				8231D8FF23855B7400E44F19 /* Structs.cc */,
				8231D8B623855B7300E44F19 /* Structs.hh */,
				8231D8F723855B7300E44F19 /* Utils.cc */,
				8231D90023855B7400E44F19 /* Utils.hh */,
			);
			name = Others;
			sourceTree = "<group>";
		};
/* End PBXGroup section */

/* Begin PBXLegacyTarget section */
		8231D9342385682700E44F19 /* game */ = {
			isa = PBXLegacyTarget;
			buildArgumentsString = "$(ACTION)";
			buildConfigurationList = 8231D9352385682700E44F19 /* Build configuration list for PBXLegacyTarget "game" */;
			buildPhases = (
			);
			buildToolPath = /usr/bin/make;
			buildWorkingDirectory = "/Users/alvaroarinocabau/Google Drive/FIB/5/EDA/Joc/game19/game19";
			dependencies = (
			);
			name = game;
			passBuildSettingsInEnvironment = 1;
			productName = game;
		};
/* End PBXLegacyTarget section */

/* Begin PBXProject section */
		8231D83F23855B2A00E44F19 /* Project object */ = {
			isa = PBXProject;
			attributes = {
				LastUpgradeCheck = 1120;
				ORGANIZATIONNAME = "Alvaro Ariño Cabau";
				TargetAttributes = {
					8231D9342385682700E44F19 = {
						CreatedOnToolsVersion = 11.2.1;
					};
				};
			};
			buildConfigurationList = 8231D84223855B2A00E44F19 /* Build configuration list for PBXProject "game19" */;
			compatibilityVersion = "Xcode 9.3";
			developmentRegion = en;
			hasScannedForEncodings = 0;
			knownRegions = (
				en,
				Base,
			);
			mainGroup = 8231D83E23855B2A00E44F19;
			productRefGroup = 8231D84823855B2A00E44F19 /* Products */;
			projectDirPath = "";
			projectRoot = "";
			targets = (
				8231D9342385682700E44F19 /* game */,
			);
		};
/* End PBXProject section */

/* Begin XCBuildConfiguration section */
		8231D84C23855B2A00E44F19 /* Debug */ = {
			isa = XCBuildConfiguration;
			buildSettings = {
				ALWAYS_SEARCH_USER_PATHS = NO;
				CLANG_ANALYZER_NONNULL = YES;
				CLANG_ANALYZER_NUMBER_OBJECT_CONVERSION = YES_AGGRESSIVE;
				CLANG_CXX_LANGUAGE_STANDARD = "gnu++14";
				CLANG_CXX_LIBRARY = "libc++";
				CLANG_ENABLE_MODULES = YES;
				CLANG_ENABLE_OBJC_ARC = YES;
				CLANG_ENABLE_OBJC_WEAK = YES;
				CLANG_WARN_BLOCK_CAPTURE_AUTORELEASING = YES;
				CLANG_WARN_BOOL_CONVERSION = YES;
				CLANG_WARN_COMMA = YES;
				CLANG_WARN_CONSTANT_CONVERSION = YES;
				CLANG_WARN_DEPRECATED_OBJC_IMPLEMENTATIONS = YES;
				CLANG_WARN_DIRECT_OBJC_ISA_USAGE = YES_ERROR;
				CLANG_WARN_DOCUMENTATION_COMMENTS = YES;
				CLANG_WARN_EMPTY_BODY = YES;
				CLANG_WARN_ENUM_CONVERSION = YES;
				CLANG_WARN_INFINITE_RECURSION = YES;
				CLANG_WARN_INT_CONVERSION = YES;
				CLANG_WARN_NON_LITERAL_NULL_CONVERSION = YES;
				CLANG_WARN_OBJC_IMPLICIT_RETAIN_SELF = YES;
				CLANG_WARN_OBJC_LITERAL_CONVERSION = YES;
				CLANG_WARN_OBJC_ROOT_CLASS = YES_ERROR;
				CLANG_WARN_RANGE_LOOP_ANALYSIS = YES;
				CLANG_WARN_STRICT_PROTOTYPES = YES;
				CLANG_WARN_SUSPICIOUS_MOVE = YES;
				CLANG_WARN_UNGUARDED_AVAILABILITY = YES_AGGRESSIVE;
				CLANG_WARN_UNREACHABLE_CODE = YES;
				CLANG_WARN__DUPLICATE_METHOD_MATCH = YES;
				COPY_PHASE_STRIP = NO;
				DEBUG_INFORMATION_FORMAT = dwarf;
				ENABLE_STRICT_OBJC_MSGSEND = YES;
				ENABLE_TESTABILITY = YES;
				GCC_C_LANGUAGE_STANDARD = gnu11;
				GCC_DYNAMIC_NO_PIC = NO;
				GCC_NO_COMMON_BLOCKS = YES;
				GCC_OPTIMIZATION_LEVEL = 0;
				GCC_PREPROCESSOR_DEFINITIONS = (
					"DEBUG=1",
					"$(inherited)",
				);
				GCC_WARN_64_TO_32_BIT_CONVERSION = YES;
				GCC_WARN_ABOUT_RETURN_TYPE = YES_ERROR;
				GCC_WARN_UNDECLARED_SELECTOR = YES;
				GCC_WARN_UNINITIALIZED_AUTOS = YES_AGGRESSIVE;
				GCC_WARN_UNUSED_FUNCTION = YES;
				GCC_WARN_UNUSED_VARIABLE = YES;
				MACOSX_DEPLOYMENT_TARGET = 10.15;
				MTL_ENABLE_DEBUG_INFO = INCLUDE_SOURCE;
				MTL_FAST_MATH = YES;
				ONLY_ACTIVE_ARCH = YES;
				SDKROOT = macosx;
			};
			name = Debug;
		};
		8231D84D23855B2A00E44F19 /* Release */ = {
			isa = XCBuildConfiguration;
			buildSettings = {
				ALWAYS_SEARCH_USER_PATHS = NO;
				CLANG_ANALYZER_NONNULL = YES;
				CLANG_ANALYZER_NUMBER_OBJECT_CONVERSION = YES_AGGRESSIVE;
				CLANG_CXX_LANGUAGE_STANDARD = "gnu++14";
				CLANG_CXX_LIBRARY = "libc++";
				CLANG_ENABLE_MODULES = YES;
				CLANG_ENABLE_OBJC_ARC = YES;
				CLANG_ENABLE_OBJC_WEAK = YES;
				CLANG_WARN_BLOCK_CAPTURE_AUTORELEASING = YES;
				CLANG_WARN_BOOL_CONVERSION = YES;
				CLANG_WARN_COMMA = YES;
				CLANG_WARN_CONSTANT_CONVERSION = YES;
				CLANG_WARN_DEPRECATED_OBJC_IMPLEMENTATIONS = YES;
				CLANG_WARN_DIRECT_OBJC_ISA_USAGE = YES_ERROR;
				CLANG_WARN_DOCUMENTATION_COMMENTS = YES;
				CLANG_WARN_EMPTY_BODY = YES;
				CLANG_WARN_ENUM_CONVERSION = YES;
				CLANG_WARN_INFINITE_RECURSION = YES;
				CLANG_WARN_INT_CONVERSION = YES;
				CLANG_WARN_NON_LITERAL_NULL_CONVERSION = YES;
				CLANG_WARN_OBJC_IMPLICIT_RETAIN_SELF = YES;
				CLANG_WARN_OBJC_LITERAL_CONVERSION = YES;
				CLANG_WARN_OBJC_ROOT_CLASS = YES_ERROR;
				CLANG_WARN_RANGE_LOOP_ANALYSIS = YES;
				CLANG_WARN_STRICT_PROTOTYPES = YES;
				CLANG_WARN_SUSPICIOUS_MOVE = YES;
				CLANG_WARN_UNGUARDED_AVAILABILITY = YES_AGGRESSIVE;
				CLANG_WARN_UNREACHABLE_CODE = YES;
				CLANG_WARN__DUPLICATE_METHOD_MATCH = YES;
				COPY_PHASE_STRIP = NO;
				DEBUG_INFORMATION_FORMAT = "dwarf-with-dsym";
				ENABLE_NS_ASSERTIONS = NO;
				ENABLE_STRICT_OBJC_MSGSEND = YES;
				GCC_C_LANGUAGE_STANDARD = gnu11;
				GCC_NO_COMMON_BLOCKS = YES;
				GCC_WARN_64_TO_32_BIT_CONVERSION = YES;
				GCC_WARN_ABOUT_RETURN_TYPE = YES_ERROR;
				GCC_WARN_UNDECLARED_SELECTOR = YES;
				GCC_WARN_UNINITIALIZED_AUTOS = YES_AGGRESSIVE;
				GCC_WARN_UNUSED_FUNCTION = YES;
				GCC_WARN_UNUSED_VARIABLE = YES;
				MACOSX_DEPLOYMENT_TARGET = 10.15;
				MTL_ENABLE_DEBUG_INFO = NO;
				MTL_FAST_MATH = YES;
				SDKROOT = macosx;
			};
			name = Release;
		};
		8231D9362385682700E44F19 /* Debug */ = {
			isa = XCBuildConfiguration;
			buildSettings = {
				CODE_SIGN_STYLE = Automatic;
				DEBUGGING_SYMBOLS = YES;
				DEBUG_INFORMATION_FORMAT = dwarf;
				GCC_GENERATE_DEBUGGING_SYMBOLS = YES;
				GCC_OPTIMIZATION_LEVEL = 0;
				OTHER_CFLAGS = "";
				OTHER_LDFLAGS = "";
				PRODUCT_NAME = "$(TARGET_NAME)";
			};
			name = Debug;
		};
		8231D9372385682700E44F19 /* Release */ = {
			isa = XCBuildConfiguration;
			buildSettings = {
				CODE_SIGN_STYLE = Automatic;
				DEBUG_INFORMATION_FORMAT = "dwarf-with-dsym";
				OTHER_CFLAGS = "";
				OTHER_LDFLAGS = "";
				PRODUCT_NAME = "$(TARGET_NAME)";
			};
			name = Release;
		};
/* End XCBuildConfiguration section */

/* Begin XCConfigurationList section */
		8231D84223855B2A00E44F19 /* Build configuration list for PBXProject "game19" */ = {
			isa = XCConfigurationList;
			buildConfigurations = (
				8231D84C23855B2A00E44F19 /* Debug */,
				8231D84D23855B2A00E44F19 /* Release */,
			);
			defaultConfigurationIsVisible = 0;
			defaultConfigurationName = Release;
		};
		8231D9352385682700E44F19 /* Build configuration list for PBXLegacyTarget "game" */ = {
			isa = XCConfigurationList;
			buildConfigurations = (
				8231D9362385682700E44F19 /* Debug */,
				8231D9372385682700E44F19 /* Release */,
			);
			defaultConfigurationIsVisible = 0;
			defaultConfigurationName = Release;
		};
/* End XCConfigurationList section */
	};
	rootObject = 8231D83F23855B2A00E44F19 /* Project object */;
}
